PODS:
  - ChameleonFramework (2.1.0):
    - ChameleonFramework/Default (= 2.1.0)
  - ChameleonFramework/Default (2.1.0)
  - SVProgressHUD (HEAD based on 2.0)

DEPENDENCIES:
  - ChameleonFramework
  - SVProgressHUD (HEAD)

SPEC CHECKSUMS:
  ChameleonFramework: d21a3cc247abfe5e37609a283a8238b03575cf64
  SVProgressHUD: e9e7c893686a20da55a28015ed384d9425e15479

COCOAPODS: 0.39.0
